
Microsoft Visual Studio Solution File, Format Version 12.00
# Visual Studio Version 16
VisualStudioVersion = 16.0.30611.23
MinimumVisualStudioVersion = 10.0.40219.1
Project("{FAE04EC0-301F-11D3-BF4B-00C04F79EFBC}") = "WebAPI", "WebAPI\WebAPI.csproj", "{8ABC1743-331B-44B8-AC2D-41580639A4E3}"
EndProject
Global
	GlobalSection(SolutionConfigurationPlatforms) = preSolution
		Debug|Any CPU = Debug|Any CPU
		Release|Any CPU = Release|Any CPU
	EndGlobalSection
	GlobalSection(ProjectConfigurationPlatforms) = postSolution
		{8ABC1743-331B-44B8-AC2D-41580639A4E3}.Debug|Any CPU.ActiveCfg = Debug|Any CPU
		{8ABC1743-331B-44B8-AC2D-41580639A4E3}.Debug|Any CPU.Build.0 = Debug|Any CPU
		{8ABC1743-331B-44B8-AC2D-41580639A4E3}.Release|Any CPU.ActiveCfg = Release|Any CPU
		{8ABC1743-331B-44B8-AC2D-41580639A4E3}.Release|Any CPU.Build.0 = Release|Any CPU
	EndGlobalSection
	GlobalSection(SolutionProperties) = preSolution
		HideSolutionNode = FALSE
	EndGlobalSection
	GlobalSection(ExtensibilityGlobals) = postSolution
		SolutionGuid = {01E9BAE4-9C04-4332-9CAD-E62A8BD7703C}
	EndGlobalSection
EndGlobal
